
Microsoft Visual Studio Solution File, Format Version 12.00
# Visual Studio Version 16
VisualStudioVersion = 16.0.29123.88
MinimumVisualStudioVersion = 10.0.40219.1
Project("{2150E333-8FDC-42A3-9474-1A3956D46DE8}") = "Cache", "Cache", "{D02E4D5A-F98A-4193-B41A-C84913B8874D}"
EndProject
Project("{2150E333-8FDC-42A3-9474-1A3956D46DE8}") = "Common", "Common", "{EAF8FAC9-DC2C-4999-8988-8C7426A1CA79}"
EndProject
Project("{2150E333-8FDC-42A3-9474-1A3956D46DE8}") = "Core", "Core", "{C597AC88-805E-4045-8A3A-F45F25557D82}"
EndProject
Project("{2150E333-8FDC-42A3-9474-1A3956D46DE8}") = "Data", "Data", "{16C0B2C9-01A4-4ABB-8C83-8D39500C6D2A}"
EndProject
Project("{2150E333-8FDC-42A3-9474-1A3956D46DE8}") = "Infrastructure", "Infrastructure", "{81C9561A-E47A-492C-B76B-3F0553994922}"
EndProject
Project("{2150E333-8FDC-42A3-9474-1A3956D46DE8}") = "Logging", "Logging", "{792836B1-0071-4336-BB9B-D5AC94CD10C1}"
EndProject
Project("{2150E333-8FDC-42A3-9474-1A3956D46DE8}") = "Presentation", "Presentation", "{74EB06CB-3C05-406E-B8D0-F52D8034C6C5}"
EndProject
Project("{2150E333-8FDC-42A3-9474-1A3956D46DE8}") = "Test", "Test", "{A2E73E62-DD5D-46AE-93FA-4BC83D2D2DA3}"
EndProject
Project("{FAE04EC0-301F-11D3-BF4B-00C04F79EFBC}") = "LVT.Services", "LVT.Services\LVT.Services.csproj", "{26CBA2AC-31E1-4555-85F7-D75079907880}"
EndProject
Project("{FAE04EC0-301F-11D3-BF4B-00C04F79EFBC}") = "LVT.Core", "LVT.Core\LVT.Core.csproj", "{34668264-9C68-4D4D-BB44-4854D134460C}"
EndProject
Project("{FAE04EC0-301F-11D3-BF4B-00C04F79EFBC}") = "LVT.Data", "LVT.Data\LVT.Data.csproj", "{CFAF2A8F-268E-42D2-B856-2A230C365559}"
EndProject
Project("{2150E333-8FDC-42A3-9474-1A3956D46DE8}") = "Models", "Models", "{B00C57D5-393A-4FC3-8AFD-39F8705D18A1}"
EndProject
Project("{FAE04EC0-301F-11D3-BF4B-00C04F79EFBC}") = "LVT.Models", "LVT.Models\LVT.Models.csproj", "{A03E83AE-EEAF-4406-BA08-0216406AF348}"
EndProject
Project("{FAE04EC0-301F-11D3-BF4B-00C04F79EFBC}") = "LVT.Web", "LVT.Web\LVT.Web.csproj", "{874A8D61-8067-491D-81F4-6959DF2D04F6}"
EndProject
Global
	GlobalSection(SolutionConfigurationPlatforms) = preSolution
		Debug|Any CPU = Debug|Any CPU
		Release|Any CPU = Release|Any CPU
	EndGlobalSection
	GlobalSection(ProjectConfigurationPlatforms) = postSolution
		{26CBA2AC-31E1-4555-85F7-D75079907880}.Debug|Any CPU.ActiveCfg = Debug|Any CPU
		{26CBA2AC-31E1-4555-85F7-D75079907880}.Debug|Any CPU.Build.0 = Debug|Any CPU
		{26CBA2AC-31E1-4555-85F7-D75079907880}.Release|Any CPU.ActiveCfg = Release|Any CPU
		{26CBA2AC-31E1-4555-85F7-D75079907880}.Release|Any CPU.Build.0 = Release|Any CPU
		{34668264-9C68-4D4D-BB44-4854D134460C}.Debug|Any CPU.ActiveCfg = Debug|Any CPU
		{34668264-9C68-4D4D-BB44-4854D134460C}.Debug|Any CPU.Build.0 = Debug|Any CPU
		{34668264-9C68-4D4D-BB44-4854D134460C}.Release|Any CPU.ActiveCfg = Release|Any CPU
		{34668264-9C68-4D4D-BB44-4854D134460C}.Release|Any CPU.Build.0 = Release|Any CPU
		{CFAF2A8F-268E-42D2-B856-2A230C365559}.Debug|Any CPU.ActiveCfg = Debug|Any CPU
		{CFAF2A8F-268E-42D2-B856-2A230C365559}.Debug|Any CPU.Build.0 = Debug|Any CPU
		{CFAF2A8F-268E-42D2-B856-2A230C365559}.Release|Any CPU.ActiveCfg = Release|Any CPU
		{CFAF2A8F-268E-42D2-B856-2A230C365559}.Release|Any CPU.Build.0 = Release|Any CPU
		{A03E83AE-EEAF-4406-BA08-0216406AF348}.Debug|Any CPU.ActiveCfg = Debug|Any CPU
		{A03E83AE-EEAF-4406-BA08-0216406AF348}.Debug|Any CPU.Build.0 = Debug|Any CPU
		{A03E83AE-EEAF-4406-BA08-0216406AF348}.Release|Any CPU.ActiveCfg = Release|Any CPU
		{A03E83AE-EEAF-4406-BA08-0216406AF348}.Release|Any CPU.Build.0 = Release|Any CPU
		{874A8D61-8067-491D-81F4-6959DF2D04F6}.Debug|Any CPU.ActiveCfg = Debug|Any CPU
		{874A8D61-8067-491D-81F4-6959DF2D04F6}.Debug|Any CPU.Build.0 = Debug|Any CPU
		{874A8D61-8067-491D-81F4-6959DF2D04F6}.Release|Any CPU.ActiveCfg = Release|Any CPU
		{874A8D61-8067-491D-81F4-6959DF2D04F6}.Release|Any CPU.Build.0 = Release|Any CPU
	EndGlobalSection
	GlobalSection(SolutionProperties) = preSolution
		HideSolutionNode = FALSE
	EndGlobalSection
	GlobalSection(NestedProjects) = preSolution
		{26CBA2AC-31E1-4555-85F7-D75079907880} = {74EB06CB-3C05-406E-B8D0-F52D8034C6C5}
		{34668264-9C68-4D4D-BB44-4854D134460C} = {C597AC88-805E-4045-8A3A-F45F25557D82}
		{CFAF2A8F-268E-42D2-B856-2A230C365559} = {16C0B2C9-01A4-4ABB-8C83-8D39500C6D2A}
		{A03E83AE-EEAF-4406-BA08-0216406AF348} = {B00C57D5-393A-4FC3-8AFD-39F8705D18A1}
		{874A8D61-8067-491D-81F4-6959DF2D04F6} = {74EB06CB-3C05-406E-B8D0-F52D8034C6C5}
	EndGlobalSection
	GlobalSection(ExtensibilityGlobals) = postSolution
		SolutionGuid = {C8923709-4537-4CE3-8A81-1F1DEFF41797}
	EndGlobalSection
EndGlobal
